{
  "name": "slides",
  "version": "0.1.6",
  "lockfileVersion": 3,
  "requires": true,
  "packages": {
    "": {
      "name": "slides",
      "version": "0.1.6",
      "license": "MIT",
      "bin": {
        "slides": "bin/slides.js"
      },
      "engines": {
        "node": ">=20"
      }
    }
  }
}
